
Microsoft Visual Studio Solution File, Format Version 12.00
Project("{FAE04EC0-301F-11D3-BF4B-00C04F79EFBC}") = "Connect4Game", "Connect4Game\Connect4Game.csproj", "{B005E8A1-C897-44E8-A9ED-EFA098ECC136}"
EndProject
Global
	GlobalSection(SolutionConfigurationPlatforms) = preSolution
		Debug|Any CPU = Debug|Any CPU
		Release|Any CPU = Release|Any CPU
	EndGlobalSection
	GlobalSection(ProjectConfigurationPlatforms) = postSolution
		{B005E8A1-C897-44E8-A9ED-EFA098ECC136}.Debug|Any CPU.ActiveCfg = Debug|Any CPU
		{B005E8A1-C897-44E8-A9ED-EFA098ECC136}.Debug|Any CPU.Build.0 = Debug|Any CPU
		{B005E8A1-C897-44E8-A9ED-EFA098ECC136}.Release|Any CPU.ActiveCfg = Release|Any CPU
		{B005E8A1-C897-44E8-A9ED-EFA098ECC136}.Release|Any CPU.Build.0 = Release|Any CPU
	EndGlobalSection
EndGlobal
